
Microsoft Visual Studio Solution File, Format Version 12.00
# Visual Studio 15
VisualStudioVersion = 15.0.27703.2018
MinimumVisualStudioVersion = 10.0.40219.1
Project("{FAE04EC0-301F-11D3-BF4B-00C04F79EFBC}") = "WebApp", "WebApp\WebApp.csproj", "{D0ED6C74-6FF3-4E6E-8A3E-D38652409531}"
EndProject
Global
	GlobalSection(SolutionConfigurationPlatforms) = preSolution
		Debug|Any CPU = Debug|Any CPU
		Release|Any CPU = Release|Any CPU
	EndGlobalSection
	GlobalSection(ProjectConfigurationPlatforms) = postSolution
		{D0ED6C74-6FF3-4E6E-8A3E-D38652409531}.Debug|Any CPU.ActiveCfg = Debug|Any CPU
		{D0ED6C74-6FF3-4E6E-8A3E-D38652409531}.Debug|Any CPU.Build.0 = Debug|Any CPU
		{D0ED6C74-6FF3-4E6E-8A3E-D38652409531}.Release|Any CPU.ActiveCfg = Release|Any CPU
		{D0ED6C74-6FF3-4E6E-8A3E-D38652409531}.Release|Any CPU.Build.0 = Release|Any CPU
	EndGlobalSection
	GlobalSection(SolutionProperties) = preSolution
		HideSolutionNode = FALSE
	EndGlobalSection
	GlobalSection(ExtensibilityGlobals) = postSolution
		SolutionGuid = {B65F43C3-DFE5-4E26-804A-6C1FB07611D8}
	EndGlobalSection
EndGlobal
